
Microsoft Visual Studio Solution File, Format Version 12.00
# Visual Studio Version 17
VisualStudioVersion = 17.10.34928.147
MinimumVisualStudioVersion = 10.0.40219.1
Project("{FAE04EC0-301F-11D3-BF4B-00C04F79EFBC}") = "Api_Business_Model", "Api_Business_Model\Api_Business_Model.csproj", "{C87C19B0-514C-458E-97A4-2EFD97A519D9}"
EndProject
Global
	GlobalSection(SolutionConfigurationPlatforms) = preSolution
		Debug|Any CPU = Debug|Any CPU
		Release|Any CPU = Release|Any CPU
	EndGlobalSection
	GlobalSection(ProjectConfigurationPlatforms) = postSolution
		{C87C19B0-514C-458E-97A4-2EFD97A519D9}.Debug|Any CPU.ActiveCfg = Debug|Any CPU
		{C87C19B0-514C-458E-97A4-2EFD97A519D9}.Debug|Any CPU.Build.0 = Debug|Any CPU
		{C87C19B0-514C-458E-97A4-2EFD97A519D9}.Release|Any CPU.ActiveCfg = Release|Any CPU
		{C87C19B0-514C-458E-97A4-2EFD97A519D9}.Release|Any CPU.Build.0 = Release|Any CPU
	EndGlobalSection
	GlobalSection(SolutionProperties) = preSolution
		HideSolutionNode = FALSE
	EndGlobalSection
	GlobalSection(ExtensibilityGlobals) = postSolution
		SolutionGuid = {72ABA236-73C0-4798-9FFB-1BAB246F8F1C}
	EndGlobalSection
EndGlobal
